// !$*UTF8*$!
{
	archiveVersion = 1;
	classes = {
	};
	objectVersion = 56;
	objects = {

/* Begin PBXBuildFile section */
		1050D6042ACC01A30091067B /* insertUpdateDeleteViewController.swift in Sources */ = {isa = PBXBuildFile; fileRef = 1050D6032ACC01A30091067B /* insertUpdateDeleteViewController.swift */; };
		1050D6062ACC310F0091067B /* sectionViewController.swift in Sources */ = {isa = PBXBuildFile; fileRef = 1050D6052ACC310F0091067B /* sectionViewController.swift */; };
		1050D6082ACC3C5A0091067B /* RefreshViewController.swift in Sources */ = {isa = PBXBuildFile; fileRef = 1050D6072ACC3C5A0091067B /* RefreshViewController.swift */; };
		1050D60A2ACC494F0091067B /* selfSizingViewController.swift in Sources */ = {isa = PBXBuildFile; fileRef = 1050D6092ACC494F0091067B /* selfSizingViewController.swift */; };
		1050D60C2ACC49CD0091067B /* selfSizingTableViewCell.swift in Sources */ = {isa = PBXBuildFile; fileRef = 1050D60B2ACC49CD0091067B /* selfSizingTableViewCell.swift */; };
		10518C502AD1630C002FBDC6 /* TCCollectionViewCell.swift in Sources */ = {isa = PBXBuildFile; fileRef = 10518C4F2AD1630C002FBDC6 /* TCCollectionViewCell.swift */; };
		10518C522AD16324002FBDC6 /* TCViewController.swift in Sources */ = {isa = PBXBuildFile; fileRef = 10518C512AD16324002FBDC6 /* TCViewController.swift */; };
		10518C542AD16343002FBDC6 /* TCTableViewCell.swift in Sources */ = {isa = PBXBuildFile; fileRef = 10518C532AD16343002FBDC6 /* TCTableViewCell.swift */; };
		10518C572AD17800002FBDC6 /* navViewController.swift in Sources */ = {isa = PBXBuildFile; fileRef = 10518C562AD17800002FBDC6 /* navViewController.swift */; };
		1052713B2ACD3F71007A1123 /* NoDataViewController.swift in Sources */ = {isa = PBXBuildFile; fileRef = 1052713A2ACD3F71007A1123 /* NoDataViewController.swift */; };
		1052713D2ACD67A5007A1123 /* FirstCollectionViewCell.swift in Sources */ = {isa = PBXBuildFile; fileRef = 1052713C2ACD67A5007A1123 /* FirstCollectionViewCell.swift */; };
		1052713F2ACD69F5007A1123 /* firstCollectionViewController.swift in Sources */ = {isa = PBXBuildFile; fileRef = 1052713E2ACD69F5007A1123 /* firstCollectionViewController.swift */; };
		105538392AC959A1002F4E5F /* AppDelegate.swift in Sources */ = {isa = PBXBuildFile; fileRef = 105538382AC959A1002F4E5F /* AppDelegate.swift */; };
		1055383B2AC959A1002F4E5F /* SceneDelegate.swift in Sources */ = {isa = PBXBuildFile; fileRef = 1055383A2AC959A1002F4E5F /* SceneDelegate.swift */; };
		105538402AC959A1002F4E5F /* Main.storyboard in Resources */ = {isa = PBXBuildFile; fileRef = 1055383E2AC959A1002F4E5F /* Main.storyboard */; };
		105538422AC959A1002F4E5F /* Assets.xcassets in Resources */ = {isa = PBXBuildFile; fileRef = 105538412AC959A1002F4E5F /* Assets.xcassets */; };
		105538452AC959A1002F4E5F /* LaunchScreen.storyboard in Resources */ = {isa = PBXBuildFile; fileRef = 105538432AC959A1002F4E5F /* LaunchScreen.storyboard */; };
		105538502AC959A1002F4E5F /* testTests.swift in Sources */ = {isa = PBXBuildFile; fileRef = 1055384F2AC959A1002F4E5F /* testTests.swift */; };
		1055385A2AC959A2002F4E5F /* testUITests.swift in Sources */ = {isa = PBXBuildFile; fileRef = 105538592AC959A2002F4E5F /* testUITests.swift */; };
		1055385C2AC959A2002F4E5F /* testUITestsLaunchTests.swift in Sources */ = {isa = PBXBuildFile; fileRef = 1055385B2AC959A2002F4E5F /* testUITestsLaunchTests.swift */; };
		1057ED922AD2B9F600225C02 /* secondViewController.swift in Sources */ = {isa = PBXBuildFile; fileRef = 1057ED912AD2B9F600225C02 /* secondViewController.swift */; };
		1057ED952AD2C67800225C02 /* TabBarViewController.swift in Sources */ = {isa = PBXBuildFile; fileRef = 1057ED942AD2C67800225C02 /* TabBarViewController.swift */; };
		1057ED972AD2DFF700225C02 /* TabBarClass.swift in Sources */ = {isa = PBXBuildFile; fileRef = 1057ED962AD2DFF700225C02 /* TabBarClass.swift */; };
		106DD39B2AD52D490063294B /* FifthViewController.swift in Sources */ = {isa = PBXBuildFile; fileRef = 106DD39A2AD52D490063294B /* FifthViewController.swift */; };
		106DD3A02AD542D70063294B /* UserProfileViewController.swift in Sources */ = {isa = PBXBuildFile; fileRef = 106DD39F2AD542D70063294B /* UserProfileViewController.swift */; };
		106DD3A22AD543390063294B /* UserDataViewController.swift in Sources */ = {isa = PBXBuildFile; fileRef = 106DD3A12AD543390063294B /* UserDataViewController.swift */; };
		106DD3A52AD55A790063294B /* FirstTabViewController.swift in Sources */ = {isa = PBXBuildFile; fileRef = 106DD3A42AD55A790063294B /* FirstTabViewController.swift */; };
		106DD3A72AD55A8B0063294B /* SecondTabViewController.swift in Sources */ = {isa = PBXBuildFile; fileRef = 106DD3A62AD55A8B0063294B /* SecondTabViewController.swift */; };
		106DD3A92AD55AA30063294B /* ThirdTabViewController.swift in Sources */ = {isa = PBXBuildFile; fileRef = 106DD3A82AD55AA30063294B /* ThirdTabViewController.swift */; };
		106DD3AB2AD55AB30063294B /* ForthTabViewController.swift in Sources */ = {isa = PBXBuildFile; fileRef = 106DD3AA2AD55AB30063294B /* ForthTabViewController.swift */; };
		106DD3AD2AD55B830063294B /* TabBarContianerViewController.swift in Sources */ = {isa = PBXBuildFile; fileRef = 106DD3AC2AD55B830063294B /* TabBarContianerViewController.swift */; };
		1071855C2ACE9BFA001E7272 /* verticalCollectionViewCell.swift in Sources */ = {isa = PBXBuildFile; fileRef = 1071855B2ACE9BFA001E7272 /* verticalCollectionViewCell.swift */; };
		1071855E2ACE9DF8001E7272 /* verticalViewController.swift in Sources */ = {isa = PBXBuildFile; fileRef = 1071855D2ACE9DF8001E7272 /* verticalViewController.swift */; };
		107185602ACEBFC4001E7272 /* HeaderFooterViewController.swift in Sources */ = {isa = PBXBuildFile; fileRef = 1071855F2ACEBFC4001E7272 /* HeaderFooterViewController.swift */; };
		107185622ACED292001E7272 /* HeaderFooterCollectionReusableView.swift in Sources */ = {isa = PBXBuildFile; fileRef = 107185612ACED292001E7272 /* HeaderFooterCollectionReusableView.swift */; };
		107185642ACED2AA001E7272 /* HeaderFooterCollectionViewCell.swift in Sources */ = {isa = PBXBuildFile; fileRef = 107185632ACED2AA001E7272 /* HeaderFooterCollectionViewCell.swift */; };
		107185662ACEE980001E7272 /* CollectionAndTableTableViewCell.swift in Sources */ = {isa = PBXBuildFile; fileRef = 107185652ACEE980001E7272 /* CollectionAndTableTableViewCell.swift */; };
		107185682ACEEA17001E7272 /* collectionAndTableViewController.swift in Sources */ = {isa = PBXBuildFile; fileRef = 107185672ACEEA17001E7272 /* collectionAndTableViewController.swift */; };
		10820E652AD4109F008B005B /* FirstViewController.swift in Sources */ = {isa = PBXBuildFile; fileRef = 10820E642AD4109F008B005B /* FirstViewController.swift */; };
		10820E672AD410AF008B005B /* SecondViewController.swift in Sources */ = {isa = PBXBuildFile; fileRef = 10820E662AD410AF008B005B /* SecondViewController.swift */; };
		10820E692AD42D3D008B005B /* ThirdViewController.swift in Sources */ = {isa = PBXBuildFile; fileRef = 10820E682AD42D3D008B005B /* ThirdViewController.swift */; };
		10820E6B2AD42D89008B005B /* FourthViewController.swift in Sources */ = {isa = PBXBuildFile; fileRef = 10820E6A2AD42D89008B005B /* FourthViewController.swift */; };
		1083946E2ACAFFF1000B92AE /* TableViewCell.swift in Sources */ = {isa = PBXBuildFile; fileRef = 1083946D2ACAFFF1000B92AE /* TableViewCell.swift */; };
		108394702ACB014E000B92AE /* ViewController.swift in Sources */ = {isa = PBXBuildFile; fileRef = 1083946F2ACB014E000B92AE /* ViewController.swift */; };
/* End PBXBuildFile section */

/* Begin PBXContainerItemProxy section */
		1055384C2AC959A1002F4E5F /* PBXContainerItemProxy */ = {
			isa = PBXContainerItemProxy;
			containerPortal = 1055382D2AC959A0002F4E5F /* Project object */;
			proxyType = 1;
			remoteGlobalIDString = 105538342AC959A1002F4E5F;
			remoteInfo = test;
		};
		105538562AC959A2002F4E5F /* PBXContainerItemProxy */ = {
			isa = PBXContainerItemProxy;
			containerPortal = 1055382D2AC959A0002F4E5F /* Project object */;
			proxyType = 1;
			remoteGlobalIDString = 105538342AC959A1002F4E5F;
			remoteInfo = test;
		};
/* End PBXContainerItemProxy section */

/* Begin PBXFileReference section */
		1050D6032ACC01A30091067B /* insertUpdateDeleteViewController.swift */ = {isa = PBXFileReference; lastKnownFileType = sourcecode.swift; path = insertUpdateDeleteViewController.swift; sourceTree = "<group>"; };
		1050D6052ACC310F0091067B /* sectionViewController.swift */ = {isa = PBXFileReference; lastKnownFileType = sourcecode.swift; path = sectionViewController.swift; sourceTree = "<group>"; };
		1050D6072ACC3C5A0091067B /* RefreshViewController.swift */ = {isa = PBXFileReference; lastKnownFileType = sourcecode.swift; path = RefreshViewController.swift; sourceTree = "<group>"; };
		1050D6092ACC494F0091067B /* selfSizingViewController.swift */ = {isa = PBXFileReference; lastKnownFileType = sourcecode.swift; path = selfSizingViewController.swift; sourceTree = "<group>"; };
		1050D60B2ACC49CD0091067B /* selfSizingTableViewCell.swift */ = {isa = PBXFileReference; lastKnownFileType = sourcecode.swift; path = selfSizingTableViewCell.swift; sourceTree = "<group>"; };
		10518C4F2AD1630C002FBDC6 /* TCCollectionViewCell.swift */ = {isa = PBXFileReference; lastKnownFileType = sourcecode.swift; path = TCCollectionViewCell.swift; sourceTree = "<group>"; };
		10518C512AD16324002FBDC6 /* TCViewController.swift */ = {isa = PBXFileReference; lastKnownFileType = sourcecode.swift; path = TCViewController.swift; sourceTree = "<group>"; };
		10518C532AD16343002FBDC6 /* TCTableViewCell.swift */ = {isa = PBXFileReference; lastKnownFileType = sourcecode.swift; path = TCTableViewCell.swift; sourceTree = "<group>"; };
		10518C562AD17800002FBDC6 /* navViewController.swift */ = {isa = PBXFileReference; lastKnownFileType = sourcecode.swift; path = navViewController.swift; sourceTree = "<group>"; };
		1052713A2ACD3F71007A1123 /* NoDataViewController.swift */ = {isa = PBXFileReference; lastKnownFileType = sourcecode.swift; path = NoDataViewController.swift; sourceTree = "<group>"; };
		1052713C2ACD67A5007A1123 /* FirstCollectionViewCell.swift */ = {isa = PBXFileReference; lastKnownFileType = sourcecode.swift; path = FirstCollectionViewCell.swift; sourceTree = "<group>"; };
		1052713E2ACD69F5007A1123 /* firstCollectionViewController.swift */ = {isa = PBXFileReference; lastKnownFileType = sourcecode.swift; path = firstCollectionViewController.swift; sourceTree = "<group>"; };
		105538352AC959A1002F4E5F /* test.app */ = {isa = PBXFileReference; explicitFileType = wrapper.application; includeInIndex = 0; path = test.app; sourceTree = BUILT_PRODUCTS_DIR; };
		105538382AC959A1002F4E5F /* AppDelegate.swift */ = {isa = PBXFileReference; lastKnownFileType = sourcecode.swift; path = AppDelegate.swift; sourceTree = "<group>"; };
		1055383A2AC959A1002F4E5F /* SceneDelegate.swift */ = {isa = PBXFileReference; lastKnownFileType = sourcecode.swift; path = SceneDelegate.swift; sourceTree = "<group>"; };
		1055383F2AC959A1002F4E5F /* Base */ = {isa = PBXFileReference; lastKnownFileType = file.storyboard; name = Base; path = Base.lproj/Main.storyboard; sourceTree = "<group>"; };
		105538412AC959A1002F4E5F /* Assets.xcassets */ = {isa = PBXFileReference; lastKnownFileType = folder.assetcatalog; path = Assets.xcassets; sourceTree = "<group>"; };
		105538442AC959A1002F4E5F /* Base */ = {isa = PBXFileReference; lastKnownFileType = file.storyboard; name = Base; path = Base.lproj/LaunchScreen.storyboard; sourceTree = "<group>"; };
		105538462AC959A1002F4E5F /* Info.plist */ = {isa = PBXFileReference; lastKnownFileType = text.plist.xml; path = Info.plist; sourceTree = "<group>"; };
		1055384B2AC959A1002F4E5F /* testTests.xctest */ = {isa = PBXFileReference; explicitFileType = wrapper.cfbundle; includeInIndex = 0; path = testTests.xctest; sourceTree = BUILT_PRODUCTS_DIR; };
		1055384F2AC959A1002F4E5F /* testTests.swift */ = {isa = PBXFileReference; lastKnownFileType = sourcecode.swift; path = testTests.swift; sourceTree = "<group>"; };
		105538552AC959A1002F4E5F /* testUITests.xctest */ = {isa = PBXFileReference; explicitFileType = wrapper.cfbundle; includeInIndex = 0; path = testUITests.xctest; sourceTree = BUILT_PRODUCTS_DIR; };
		105538592AC959A2002F4E5F /* testUITests.swift */ = {isa = PBXFileReference; lastKnownFileType = sourcecode.swift; path = testUITests.swift; sourceTree = "<group>"; };
		1055385B2AC959A2002F4E5F /* testUITestsLaunchTests.swift */ = {isa = PBXFileReference; lastKnownFileType = sourcecode.swift; path = testUITestsLaunchTests.swift; sourceTree = "<group>"; };
		1057ED912AD2B9F600225C02 /* secondViewController.swift */ = {isa = PBXFileReference; lastKnownFileType = sourcecode.swift; path = secondViewController.swift; sourceTree = "<group>"; };
		1057ED942AD2C67800225C02 /* TabBarViewController.swift */ = {isa = PBXFileReference; lastKnownFileType = sourcecode.swift; path = TabBarViewController.swift; sourceTree = "<group>"; };
		1057ED962AD2DFF700225C02 /* TabBarClass.swift */ = {isa = PBXFileReference; lastKnownFileType = sourcecode.swift; path = TabBarClass.swift; sourceTree = "<group>"; };
		106DD39A2AD52D490063294B /* FifthViewController.swift */ = {isa = PBXFileReference; lastKnownFileType = sourcecode.swift; path = FifthViewController.swift; sourceTree = "<group>"; };
		106DD39F2AD542D70063294B /* UserProfileViewController.swift */ = {isa = PBXFileReference; lastKnownFileType = sourcecode.swift; path = UserProfileViewController.swift; sourceTree = "<group>"; };
		106DD3A12AD543390063294B /* UserDataViewController.swift */ = {isa = PBXFileReference; lastKnownFileType = sourcecode.swift; path = UserDataViewController.swift; sourceTree = "<group>"; };
		106DD3A42AD55A790063294B /* FirstTabViewController.swift */ = {isa = PBXFileReference; lastKnownFileType = sourcecode.swift; path = FirstTabViewController.swift; sourceTree = "<group>"; };
		106DD3A62AD55A8B0063294B /* SecondTabViewController.swift */ = {isa = PBXFileReference; lastKnownFileType = sourcecode.swift; path = SecondTabViewController.swift; sourceTree = "<group>"; };
		106DD3A82AD55AA30063294B /* ThirdTabViewController.swift */ = {isa = PBXFileReference; lastKnownFileType = sourcecode.swift; path = ThirdTabViewController.swift; sourceTree = "<group>"; };
		106DD3AA2AD55AB30063294B /* ForthTabViewController.swift */ = {isa = PBXFileReference; lastKnownFileType = sourcecode.swift; path = ForthTabViewController.swift; sourceTree = "<group>"; };
		106DD3AC2AD55B830063294B /* TabBarContianerViewController.swift */ = {isa = PBXFileReference; lastKnownFileType = sourcecode.swift; path = TabBarContianerViewController.swift; sourceTree = "<group>"; };
		1071855B2ACE9BFA001E7272 /* verticalCollectionViewCell.swift */ = {isa = PBXFileReference; lastKnownFileType = sourcecode.swift; path = verticalCollectionViewCell.swift; sourceTree = "<group>"; };
		1071855D2ACE9DF8001E7272 /* verticalViewController.swift */ = {isa = PBXFileReference; lastKnownFileType = sourcecode.swift; path = verticalViewController.swift; sourceTree = "<group>"; };
		1071855F2ACEBFC4001E7272 /* HeaderFooterViewController.swift */ = {isa = PBXFileReference; lastKnownFileType = sourcecode.swift; path = HeaderFooterViewController.swift; sourceTree = "<group>"; };
		107185612ACED292001E7272 /* HeaderFooterCollectionReusableView.swift */ = {isa = PBXFileReference; lastKnownFileType = sourcecode.swift; name = HeaderFooterCollectionReusableView.swift; path = AppIcon.appiconset/HeaderFooterCollectionReusableView.swift; sourceTree = SOURCE_ROOT; };
		107185632ACED2AA001E7272 /* HeaderFooterCollectionViewCell.swift */ = {isa = PBXFileReference; lastKnownFileType = sourcecode.swift; path = HeaderFooterCollectionViewCell.swift; sourceTree = "<group>"; };
		107185652ACEE980001E7272 /* CollectionAndTableTableViewCell.swift */ = {isa = PBXFileReference; lastKnownFileType = sourcecode.swift; path = CollectionAndTableTableViewCell.swift; sourceTree = "<group>"; };
		107185672ACEEA17001E7272 /* collectionAndTableViewController.swift */ = {isa = PBXFileReference; lastKnownFileType = sourcecode.swift; path = collectionAndTableViewController.swift; sourceTree = "<group>"; };
		10820E642AD4109F008B005B /* FirstViewController.swift */ = {isa = PBXFileReference; lastKnownFileType = sourcecode.swift; path = FirstViewController.swift; sourceTree = "<group>"; };
		10820E662AD410AF008B005B /* SecondViewController.swift */ = {isa = PBXFileReference; lastKnownFileType = sourcecode.swift; path = SecondViewController.swift; sourceTree = "<group>"; };
		10820E682AD42D3D008B005B /* ThirdViewController.swift */ = {isa = PBXFileReference; lastKnownFileType = sourcecode.swift; path = ThirdViewController.swift; sourceTree = "<group>"; };
		10820E6A2AD42D89008B005B /* FourthViewController.swift */ = {isa = PBXFileReference; lastKnownFileType = sourcecode.swift; path = FourthViewController.swift; sourceTree = "<group>"; };
		1083946D2ACAFFF1000B92AE /* TableViewCell.swift */ = {isa = PBXFileReference; lastKnownFileType = sourcecode.swift; path = TableViewCell.swift; sourceTree = "<group>"; };
		1083946F2ACB014E000B92AE /* ViewController.swift */ = {isa = PBXFileReference; lastKnownFileType = sourcecode.swift; path = ViewController.swift; sourceTree = "<group>"; };
/* End PBXFileReference section */

/* Begin PBXFrameworksBuildPhase section */
		105538322AC959A1002F4E5F /* Frameworks */ = {
			isa = PBXFrameworksBuildPhase;
			buildActionMask = 2147483647;
			files = (
			);
			runOnlyForDeploymentPostprocessing = 0;
		};
		105538482AC959A1002F4E5F /* Frameworks */ = {
			isa = PBXFrameworksBuildPhase;
			buildActionMask = 2147483647;
			files = (
			);
			runOnlyForDeploymentPostprocessing = 0;
		};
		105538522AC959A1002F4E5F /* Frameworks */ = {
			isa = PBXFrameworksBuildPhase;
			buildActionMask = 2147483647;
			files = (
			);
			runOnlyForDeploymentPostprocessing = 0;
		};
/* End PBXFrameworksBuildPhase section */

/* Begin PBXGroup section */
		10518C432AD144AA002FBDC6 /* controllers */ = {
			isa = PBXGroup;
			children = (
				106DD3A32AD55A4F0063294B /* notifcation */,
				106DD39E2AD540CB0063294B /* passingDataUsingProtocolAndDelegate */,
				10820E632AD41075008B005B /* Passing Data */,
				10820E622AD3E062008B005B /* cintainers */,
				1057ED932AD2C65F00225C02 /* TabBar */,
				10518C552AD1771F002FBDC6 /* navigetionController */,
				10518C4E2AD161B5002FBDC6 /* TableCollection */,
			);
			path = controllers;
			sourceTree = "<group>";
		};
		10518C4E2AD161B5002FBDC6 /* TableCollection */ = {
			isa = PBXGroup;
			children = (
				10518C4F2AD1630C002FBDC6 /* TCCollectionViewCell.swift */,
				10518C512AD16324002FBDC6 /* TCViewController.swift */,
				10518C532AD16343002FBDC6 /* TCTableViewCell.swift */,
			);
			path = TableCollection;
			sourceTree = "<group>";
		};
		10518C552AD1771F002FBDC6 /* navigetionController */ = {
			isa = PBXGroup;
			children = (
				10518C562AD17800002FBDC6 /* navViewController.swift */,
				1057ED912AD2B9F600225C02 /* secondViewController.swift */,
			);
			path = navigetionController;
			sourceTree = "<group>";
		};
		1055382C2AC959A0002F4E5F = {
			isa = PBXGroup;
			children = (
				105538372AC959A1002F4E5F /* test */,
				1055384E2AC959A1002F4E5F /* testTests */,
				105538582AC959A2002F4E5F /* testUITests */,
				105538362AC959A1002F4E5F /* Products */,
			);
			sourceTree = "<group>";
		};
		105538362AC959A1002F4E5F /* Products */ = {
			isa = PBXGroup;
			children = (
				105538352AC959A1002F4E5F /* test.app */,
				1055384B2AC959A1002F4E5F /* testTests.xctest */,
				105538552AC959A1002F4E5F /* testUITests.xctest */,
			);
			name = Products;
			sourceTree = "<group>";
		};
		105538372AC959A1002F4E5F /* test */ = {
			isa = PBXGroup;
			children = (
				10518C432AD144AA002FBDC6 /* controllers */,
				105538382AC959A1002F4E5F /* AppDelegate.swift */,
				1055383A2AC959A1002F4E5F /* SceneDelegate.swift */,
				1055383E2AC959A1002F4E5F /* Main.storyboard */,
				105538412AC959A1002F4E5F /* Assets.xcassets */,
				105538432AC959A1002F4E5F /* LaunchScreen.storyboard */,
				105538462AC959A1002F4E5F /* Info.plist */,
				1083946D2ACAFFF1000B92AE /* TableViewCell.swift */,
				1083946F2ACB014E000B92AE /* ViewController.swift */,
				1050D6032ACC01A30091067B /* insertUpdateDeleteViewController.swift */,
				1050D6052ACC310F0091067B /* sectionViewController.swift */,
				1050D6072ACC3C5A0091067B /* RefreshViewController.swift */,
				1050D6092ACC494F0091067B /* selfSizingViewController.swift */,
				1050D60B2ACC49CD0091067B /* selfSizingTableViewCell.swift */,
				1052713A2ACD3F71007A1123 /* NoDataViewController.swift */,
				1052713C2ACD67A5007A1123 /* FirstCollectionViewCell.swift */,
				107185672ACEEA17001E7272 /* collectionAndTableViewController.swift */,
				1052713E2ACD69F5007A1123 /* firstCollectionViewController.swift */,
				1071855B2ACE9BFA001E7272 /* verticalCollectionViewCell.swift */,
				107185652ACEE980001E7272 /* CollectionAndTableTableViewCell.swift */,
				1071855D2ACE9DF8001E7272 /* verticalViewController.swift */,
				1071855F2ACEBFC4001E7272 /* HeaderFooterViewController.swift */,
				107185612ACED292001E7272 /* HeaderFooterCollectionReusableView.swift */,
				107185632ACED2AA001E7272 /* HeaderFooterCollectionViewCell.swift */,
			);
			path = test;
			sourceTree = "<group>";
		};
		1055384E2AC959A1002F4E5F /* testTests */ = {
			isa = PBXGroup;
			children = (
				1055384F2AC959A1002F4E5F /* testTests.swift */,
			);
			path = testTests;
			sourceTree = "<group>";
		};
		105538582AC959A2002F4E5F /* testUITests */ = {
			isa = PBXGroup;
			children = (
				105538592AC959A2002F4E5F /* testUITests.swift */,
				1055385B2AC959A2002F4E5F /* testUITestsLaunchTests.swift */,
			);
			path = testUITests;
			sourceTree = "<group>";
		};
		1057ED932AD2C65F00225C02 /* TabBar */ = {
			isa = PBXGroup;
			children = (
				1057ED942AD2C67800225C02 /* TabBarViewController.swift */,
				1057ED962AD2DFF700225C02 /* TabBarClass.swift */,
			);
			path = TabBar;
			sourceTree = "<group>";
		};
		106DD39E2AD540CB0063294B /* passingDataUsingProtocolAndDelegate */ = {
			isa = PBXGroup;
			children = (
				106DD39F2AD542D70063294B /* UserProfileViewController.swift */,
				106DD3A12AD543390063294B /* UserDataViewController.swift */,
			);
			path = passingDataUsingProtocolAndDelegate;
			sourceTree = "<group>";
		};
		106DD3A32AD55A4F0063294B /* notifcation */ = {
			isa = PBXGroup;
			children = (
				106DD3A42AD55A790063294B /* FirstTabViewController.swift */,
				106DD3A62AD55A8B0063294B /* SecondTabViewController.swift */,
				106DD3A82AD55AA30063294B /* ThirdTabViewController.swift */,
				106DD3AA2AD55AB30063294B /* ForthTabViewController.swift */,
				106DD3AC2AD55B830063294B /* TabBarContianerViewController.swift */,
			);
			path = notifcation;
			sourceTree = "<group>";
		};
		10820E622AD3E062008B005B /* cintainers */ = {
			isa = PBXGroup;
			children = (
			);
			path = cintainers;
			sourceTree = "<group>";
		};
		10820E632AD41075008B005B /* Passing Data */ = {
			isa = PBXGroup;
			children = (
				10820E642AD4109F008B005B /* FirstViewController.swift */,
				10820E662AD410AF008B005B /* SecondViewController.swift */,
				10820E682AD42D3D008B005B /* ThirdViewController.swift */,
				10820E6A2AD42D89008B005B /* FourthViewController.swift */,
				106DD39A2AD52D490063294B /* FifthViewController.swift */,
			);
			path = "Passing Data";
			sourceTree = "<group>";
		};
/* End PBXGroup section */

/* Begin PBXNativeTarget section */
		105538342AC959A1002F4E5F /* test */ = {
			isa = PBXNativeTarget;
			buildConfigurationList = 1055385F2AC959A2002F4E5F /* Build configuration list for PBXNativeTarget "test" */;
			buildPhases = (
				105538312AC959A1002F4E5F /* Sources */,
				105538322AC959A1002F4E5F /* Frameworks */,
				105538332AC959A1002F4E5F /* Resources */,
			);
			buildRules = (
			);
			dependencies = (
			);
			name = test;
			productName = test;
			productReference = 105538352AC959A1002F4E5F /* test.app */;
			productType = "com.apple.product-type.application";
		};
		1055384A2AC959A1002F4E5F /* testTests */ = {
			isa = PBXNativeTarget;
			buildConfigurationList = 105538622AC959A2002F4E5F /* Build configuration list for PBXNativeTarget "testTests" */;
			buildPhases = (
				105538472AC959A1002F4E5F /* Sources */,
				105538482AC959A1002F4E5F /* Frameworks */,
				105538492AC959A1002F4E5F /* Resources */,
			);
			buildRules = (
			);
			dependencies = (
				1055384D2AC959A1002F4E5F /* PBXTargetDependency */,
			);
			name = testTests;
			productName = testTests;
			productReference = 1055384B2AC959A1002F4E5F /* testTests.xctest */;
			productType = "com.apple.product-type.bundle.unit-test";
		};
		105538542AC959A1002F4E5F /* testUITests */ = {
			isa = PBXNativeTarget;
			buildConfigurationList = 105538652AC959A2002F4E5F /* Build configuration list for PBXNativeTarget "testUITests" */;
			buildPhases = (
				105538512AC959A1002F4E5F /* Sources */,
				105538522AC959A1002F4E5F /* Frameworks */,
				105538532AC959A1002F4E5F /* Resources */,
			);
			buildRules = (
			);
			dependencies = (
				105538572AC959A2002F4E5F /* PBXTargetDependency */,
			);
			name = testUITests;
			productName = testUITests;
			productReference = 105538552AC959A1002F4E5F /* testUITests.xctest */;
			productType = "com.apple.product-type.bundle.ui-testing";
		};
/* End PBXNativeTarget section */

/* Begin PBXProject section */
		1055382D2AC959A0002F4E5F /* Project object */ = {
			isa = PBXProject;
			attributes = {
				BuildIndependentTargetsInParallel = 1;
				LastSwiftUpdateCheck = 1500;
				LastUpgradeCheck = 1500;
				TargetAttributes = {
					105538342AC959A1002F4E5F = {
						CreatedOnToolsVersion = 15.0;
					};
					1055384A2AC959A1002F4E5F = {
						CreatedOnToolsVersion = 15.0;
						TestTargetID = 105538342AC959A1002F4E5F;
					};
					105538542AC959A1002F4E5F = {
						CreatedOnToolsVersion = 15.0;
						TestTargetID = 105538342AC959A1002F4E5F;
					};
				};
			};
			buildConfigurationList = 105538302AC959A0002F4E5F /* Build configuration list for PBXProject "test" */;
			compatibilityVersion = "Xcode 14.0";
			developmentRegion = en;
			hasScannedForEncodings = 0;
			knownRegions = (
				en,
				Base,
			);
			mainGroup = 1055382C2AC959A0002F4E5F;
			productRefGroup = 105538362AC959A1002F4E5F /* Products */;
			projectDirPath = "";
			projectRoot = "";
			targets = (
				105538342AC959A1002F4E5F /* test */,
				1055384A2AC959A1002F4E5F /* testTests */,
				105538542AC959A1002F4E5F /* testUITests */,
			);
		};
/* End PBXProject section */

/* Begin PBXResourcesBuildPhase section */
		105538332AC959A1002F4E5F /* Resources */ = {
			isa = PBXResourcesBuildPhase;
			buildActionMask = 2147483647;
			files = (
				105538452AC959A1002F4E5F /* LaunchScreen.storyboard in Resources */,
				105538422AC959A1002F4E5F /* Assets.xcassets in Resources */,
				105538402AC959A1002F4E5F /* Main.storyboard in Resources */,
			);
			runOnlyForDeploymentPostprocessing = 0;
		};
		105538492AC959A1002F4E5F /* Resources */ = {
			isa = PBXResourcesBuildPhase;
			buildActionMask = 2147483647;
			files = (
			);
			runOnlyForDeploymentPostprocessing = 0;
		};
		105538532AC959A1002F4E5F /* Resources */ = {
			isa = PBXResourcesBuildPhase;
			buildActionMask = 2147483647;
			files = (
			);
			runOnlyForDeploymentPostprocessing = 0;
		};
/* End PBXResourcesBuildPhase section */

/* Begin PBXSourcesBuildPhase section */
		105538312AC959A1002F4E5F /* Sources */ = {
			isa = PBXSourcesBuildPhase;
			buildActionMask = 2147483647;
			files = (
				10820E692AD42D3D008B005B /* ThirdViewController.swift in Sources */,
				10820E652AD4109F008B005B /* FirstViewController.swift in Sources */,
				1083946E2ACAFFF1000B92AE /* TableViewCell.swift in Sources */,
				1052713F2ACD69F5007A1123 /* firstCollectionViewController.swift in Sources */,
				106DD3AB2AD55AB30063294B /* ForthTabViewController.swift in Sources */,
				107185662ACEE980001E7272 /* CollectionAndTableTableViewCell.swift in Sources */,
				10820E672AD410AF008B005B /* SecondViewController.swift in Sources */,
				10518C522AD16324002FBDC6 /* TCViewController.swift in Sources */,
				107185602ACEBFC4001E7272 /* HeaderFooterViewController.swift in Sources */,
				105538392AC959A1002F4E5F /* AppDelegate.swift in Sources */,
				106DD3A22AD543390063294B /* UserDataViewController.swift in Sources */,
				106DD3A02AD542D70063294B /* UserProfileViewController.swift in Sources */,
				10820E6B2AD42D89008B005B /* FourthViewController.swift in Sources */,
				10518C542AD16343002FBDC6 /* TCTableViewCell.swift in Sources */,
				1052713D2ACD67A5007A1123 /* FirstCollectionViewCell.swift in Sources */,
				106DD39B2AD52D490063294B /* FifthViewController.swift in Sources */,
				107185682ACEEA17001E7272 /* collectionAndTableViewController.swift in Sources */,
				10518C502AD1630C002FBDC6 /* TCCollectionViewCell.swift in Sources */,
				107185622ACED292001E7272 /* HeaderFooterCollectionReusableView.swift in Sources */,
				1050D6062ACC310F0091067B /* sectionViewController.swift in Sources */,
				1071855C2ACE9BFA001E7272 /* verticalCollectionViewCell.swift in Sources */,
				1057ED952AD2C67800225C02 /* TabBarViewController.swift in Sources */,
				108394702ACB014E000B92AE /* ViewController.swift in Sources */,
				1050D6082ACC3C5A0091067B /* RefreshViewController.swift in Sources */,
				1052713B2ACD3F71007A1123 /* NoDataViewController.swift in Sources */,
				106DD3A92AD55AA30063294B /* ThirdTabViewController.swift in Sources */,
				1057ED922AD2B9F600225C02 /* secondViewController.swift in Sources */,
				1057ED972AD2DFF700225C02 /* TabBarClass.swift in Sources */,
				106DD3AD2AD55B830063294B /* TabBarContianerViewController.swift in Sources */,
				1050D6042ACC01A30091067B /* insertUpdateDeleteViewController.swift in Sources */,
				106DD3A52AD55A790063294B /* FirstTabViewController.swift in Sources */,
				107185642ACED2AA001E7272 /* HeaderFooterCollectionViewCell.swift in Sources */,
				1050D60A2ACC494F0091067B /* selfSizingViewController.swift in Sources */,
				10518C572AD17800002FBDC6 /* navViewController.swift in Sources */,
				106DD3A72AD55A8B0063294B /* SecondTabViewController.swift in Sources */,
				1050D60C2ACC49CD0091067B /* selfSizingTableViewCell.swift in Sources */,
				1071855E2ACE9DF8001E7272 /* verticalViewController.swift in Sources */,
				1055383B2AC959A1002F4E5F /* SceneDelegate.swift in Sources */,
			);
			runOnlyForDeploymentPostprocessing = 0;
		};
		105538472AC959A1002F4E5F /* Sources */ = {
			isa = PBXSourcesBuildPhase;
			buildActionMask = 2147483647;
			files = (
				105538502AC959A1002F4E5F /* testTests.swift in Sources */,
			);
			runOnlyForDeploymentPostprocessing = 0;
		};
		105538512AC959A1002F4E5F /* Sources */ = {
			isa = PBXSourcesBuildPhase;
			buildActionMask = 2147483647;
			files = (
				1055385C2AC959A2002F4E5F /* testUITestsLaunchTests.swift in Sources */,
				1055385A2AC959A2002F4E5F /* testUITests.swift in Sources */,
			);
			runOnlyForDeploymentPostprocessing = 0;
		};
/* End PBXSourcesBuildPhase section */

/* Begin PBXTargetDependency section */
		1055384D2AC959A1002F4E5F /* PBXTargetDependency */ = {
			isa = PBXTargetDependency;
			target = 105538342AC959A1002F4E5F /* test */;
			targetProxy = 1055384C2AC959A1002F4E5F /* PBXContainerItemProxy */;
		};
		105538572AC959A2002F4E5F /* PBXTargetDependency */ = {
			isa = PBXTargetDependency;
			target = 105538342AC959A1002F4E5F /* test */;
			targetProxy = 105538562AC959A2002F4E5F /* PBXContainerItemProxy */;
		};
/* End PBXTargetDependency section */

/* Begin PBXVariantGroup section */
		1055383E2AC959A1002F4E5F /* Main.storyboard */ = {
			isa = PBXVariantGroup;
			children = (
				1055383F2AC959A1002F4E5F /* Base */,
			);
			name = Main.storyboard;
			sourceTree = "<group>";
		};
		105538432AC959A1002F4E5F /* LaunchScreen.storyboard */ = {
			isa = PBXVariantGroup;
			children = (
				105538442AC959A1002F4E5F /* Base */,
			);
			name = LaunchScreen.storyboard;
			sourceTree = "<group>";
		};
/* End PBXVariantGroup section */

/* Begin XCBuildConfiguration section */
		1055385D2AC959A2002F4E5F /* Debug */ = {
			isa = XCBuildConfiguration;
			buildSettings = {
				ALWAYS_SEARCH_USER_PATHS = NO;
				ASSETCATALOG_COMPILER_GENERATE_SWIFT_ASSET_SYMBOL_EXTENSIONS = YES;
				CLANG_ANALYZER_NONNULL = YES;
				CLANG_ANALYZER_NUMBER_OBJECT_CONVERSION = YES_AGGRESSIVE;
				CLANG_CXX_LANGUAGE_STANDARD = "gnu++20";
				CLANG_ENABLE_MODULES = YES;
				CLANG_ENABLE_OBJC_ARC = YES;
				CLANG_ENABLE_OBJC_WEAK = YES;
				CLANG_WARN_BLOCK_CAPTURE_AUTORELEASING = YES;
				CLANG_WARN_BOOL_CONVERSION = YES;
				CLANG_WARN_COMMA = YES;
				CLANG_WARN_CONSTANT_CONVERSION = YES;
				CLANG_WARN_DEPRECATED_OBJC_IMPLEMENTATIONS = YES;
				CLANG_WARN_DIRECT_OBJC_ISA_USAGE = YES_ERROR;
				CLANG_WARN_DOCUMENTATION_COMMENTS = YES;
				CLANG_WARN_EMPTY_BODY = YES;
				CLANG_WARN_ENUM_CONVERSION = YES;
				CLANG_WARN_INFINITE_RECURSION = YES;
				CLANG_WARN_INT_CONVERSION = YES;
				CLANG_WARN_NON_LITERAL_NULL_CONVERSION = YES;
				CLANG_WARN_OBJC_IMPLICIT_RETAIN_SELF = YES;
				CLANG_WARN_OBJC_LITERAL_CONVERSION = YES;
				CLANG_WARN_OBJC_ROOT_CLASS = YES_ERROR;
				CLANG_WARN_QUOTED_INCLUDE_IN_FRAMEWORK_HEADER = YES;
				CLANG_WARN_RANGE_LOOP_ANALYSIS = YES;
				CLANG_WARN_STRICT_PROTOTYPES = YES;
				CLANG_WARN_SUSPICIOUS_MOVE = YES;
				CLANG_WARN_UNGUARDED_AVAILABILITY = YES_AGGRESSIVE;
				CLANG_WARN_UNREACHABLE_CODE = YES;
				CLANG_WARN__DUPLICATE_METHOD_MATCH = YES;
				COPY_PHASE_STRIP = NO;
				DEBUG_INFORMATION_FORMAT = dwarf;
				ENABLE_STRICT_OBJC_MSGSEND = YES;
				ENABLE_TESTABILITY = YES;
				ENABLE_USER_SCRIPT_SANDBOXING = YES;
				GCC_C_LANGUAGE_STANDARD = gnu17;
				GCC_DYNAMIC_NO_PIC = NO;
				GCC_NO_COMMON_BLOCKS = YES;
				GCC_OPTIMIZATION_LEVEL = 0;
				GCC_PREPROCESSOR_DEFINITIONS = (
					"DEBUG=1",
					"$(inherited)",
				);
				GCC_WARN_64_TO_32_BIT_CONVERSION = YES;
				GCC_WARN_ABOUT_RETURN_TYPE = YES_ERROR;
				GCC_WARN_UNDECLARED_SELECTOR = YES;
				GCC_WARN_UNINITIALIZED_AUTOS = YES_AGGRESSIVE;
				GCC_WARN_UNUSED_FUNCTION = YES;
				GCC_WARN_UNUSED_VARIABLE = YES;
				IPHONEOS_DEPLOYMENT_TARGET = 17.0;
				LOCALIZATION_PREFERS_STRING_CATALOGS = YES;
				MTL_ENABLE_DEBUG_INFO = INCLUDE_SOURCE;
				MTL_FAST_MATH = YES;
				ONLY_ACTIVE_ARCH = YES;
				SDKROOT = iphoneos;
				SWIFT_ACTIVE_COMPILATION_CONDITIONS = "DEBUG $(inherited)";
				SWIFT_OPTIMIZATION_LEVEL = "-Onone";
			};
			name = Debug;
		};
		1055385E2AC959A2002F4E5F /* Release */ = {
			isa = XCBuildConfiguration;
			buildSettings = {
				ALWAYS_SEARCH_USER_PATHS = NO;
				ASSETCATALOG_COMPILER_GENERATE_SWIFT_ASSET_SYMBOL_EXTENSIONS = YES;
				CLANG_ANALYZER_NONNULL = YES;
				CLANG_ANALYZER_NUMBER_OBJECT_CONVERSION = YES_AGGRESSIVE;
				CLANG_CXX_LANGUAGE_STANDARD = "gnu++20";
				CLANG_ENABLE_MODULES = YES;
				CLANG_ENABLE_OBJC_ARC = YES;
				CLANG_ENABLE_OBJC_WEAK = YES;
				CLANG_WARN_BLOCK_CAPTURE_AUTORELEASING = YES;
				CLANG_WARN_BOOL_CONVERSION = YES;
				CLANG_WARN_COMMA = YES;
				CLANG_WARN_CONSTANT_CONVERSION = YES;
				CLANG_WARN_DEPRECATED_OBJC_IMPLEMENTATIONS = YES;
				CLANG_WARN_DIRECT_OBJC_ISA_USAGE = YES_ERROR;
				CLANG_WARN_DOCUMENTATION_COMMENTS = YES;
				CLANG_WARN_EMPTY_BODY = YES;
				CLANG_WARN_ENUM_CONVERSION = YES;
				CLANG_WARN_INFINITE_RECURSION = YES;
				CLANG_WARN_INT_CONVERSION = YES;
				CLANG_WARN_NON_LITERAL_NULL_CONVERSION = YES;
				CLANG_WARN_OBJC_IMPLICIT_RETAIN_SELF = YES;
				CLANG_WARN_OBJC_LITERAL_CONVERSION = YES;
				CLANG_WARN_OBJC_ROOT_CLASS = YES_ERROR;
				CLANG_WARN_QUOTED_INCLUDE_IN_FRAMEWORK_HEADER = YES;
				CLANG_WARN_RANGE_LOOP_ANALYSIS = YES;
				CLANG_WARN_STRICT_PROTOTYPES = YES;
				CLANG_WARN_SUSPICIOUS_MOVE = YES;
				CLANG_WARN_UNGUARDED_AVAILABILITY = YES_AGGRESSIVE;
				CLANG_WARN_UNREACHABLE_CODE = YES;
				CLANG_WARN__DUPLICATE_METHOD_MATCH = YES;
				COPY_PHASE_STRIP = NO;
				DEBUG_INFORMATION_FORMAT = "dwarf-with-dsym";
				ENABLE_NS_ASSERTIONS = NO;
				ENABLE_STRICT_OBJC_MSGSEND = YES;
				ENABLE_USER_SCRIPT_SANDBOXING = YES;
				GCC_C_LANGUAGE_STANDARD = gnu17;
				GCC_NO_COMMON_BLOCKS = YES;
				GCC_WARN_64_TO_32_BIT_CONVERSION = YES;
				GCC_WARN_ABOUT_RETURN_TYPE = YES_ERROR;
				GCC_WARN_UNDECLARED_SELECTOR = YES;
				GCC_WARN_UNINITIALIZED_AUTOS = YES_AGGRESSIVE;
				GCC_WARN_UNUSED_FUNCTION = YES;
				GCC_WARN_UNUSED_VARIABLE = YES;
				IPHONEOS_DEPLOYMENT_TARGET = 17.0;
				LOCALIZATION_PREFERS_STRING_CATALOGS = YES;
				MTL_ENABLE_DEBUG_INFO = NO;
				MTL_FAST_MATH = YES;
				SDKROOT = iphoneos;
				SWIFT_COMPILATION_MODE = wholemodule;
				VALIDATE_PRODUCT = YES;
			};
			name = Release;
		};
		105538602AC959A2002F4E5F /* Debug */ = {
			isa = XCBuildConfiguration;
			buildSettings = {
				ASSETCATALOG_COMPILER_APPICON_NAME = AppIcon;
				ASSETCATALOG_COMPILER_GLOBAL_ACCENT_COLOR_NAME = AccentColor;
				CODE_SIGN_STYLE = Automatic;
				CURRENT_PROJECT_VERSION = 1;
				GENERATE_INFOPLIST_FILE = YES;
				INFOPLIST_FILE = test/Info.plist;
				INFOPLIST_KEY_UIApplicationSupportsIndirectInputEvents = YES;
				INFOPLIST_KEY_UILaunchStoryboardName = LaunchScreen;
				INFOPLIST_KEY_UIMainStoryboardFile = Main;
				INFOPLIST_KEY_UISupportedInterfaceOrientations_iPad = "UIInterfaceOrientationPortrait UIInterfaceOrientationPortraitUpsideDown UIInterfaceOrientationLandscapeLeft UIInterfaceOrientationLandscapeRight";
				INFOPLIST_KEY_UISupportedInterfaceOrientations_iPhone = "UIInterfaceOrientationPortrait UIInterfaceOrientationLandscapeLeft UIInterfaceOrientationLandscapeRight";
				LD_RUNPATH_SEARCH_PATHS = (
					"$(inherited)",
					"@executable_path/Frameworks",
				);
				MARKETING_VERSION = 1.0;
				PRODUCT_BUNDLE_IDENTIFIER = mohammed.ali.test;
				PRODUCT_NAME = "$(TARGET_NAME)";
				SWIFT_EMIT_LOC_STRINGS = YES;
				SWIFT_VERSION = 5.0;
				TARGETED_DEVICE_FAMILY = "1,2";
			};
			name = Debug;
		};
		105538612AC959A2002F4E5F /* Release */ = {
			isa = XCBuildConfiguration;
			buildSettings = {
				ASSETCATALOG_COMPILER_APPICON_NAME = AppIcon;
				ASSETCATALOG_COMPILER_GLOBAL_ACCENT_COLOR_NAME = AccentColor;
				CODE_SIGN_STYLE = Automatic;
				CURRENT_PROJECT_VERSION = 1;
				GENERATE_INFOPLIST_FILE = YES;
				INFOPLIST_FILE = test/Info.plist;
				INFOPLIST_KEY_UIApplicationSupportsIndirectInputEvents = YES;
				INFOPLIST_KEY_UILaunchStoryboardName = LaunchScreen;
				INFOPLIST_KEY_UIMainStoryboardFile = Main;
				INFOPLIST_KEY_UISupportedInterfaceOrientations_iPad = "UIInterfaceOrientationPortrait UIInterfaceOrientationPortraitUpsideDown UIInterfaceOrientationLandscapeLeft UIInterfaceOrientationLandscapeRight";
				INFOPLIST_KEY_UISupportedInterfaceOrientations_iPhone = "UIInterfaceOrientationPortrait UIInterfaceOrientationLandscapeLeft UIInterfaceOrientationLandscapeRight";
				LD_RUNPATH_SEARCH_PATHS = (
					"$(inherited)",
					"@executable_path/Frameworks",
				);
				MARKETING_VERSION = 1.0;
				PRODUCT_BUNDLE_IDENTIFIER = mohammed.ali.test;
				PRODUCT_NAME = "$(TARGET_NAME)";
				SWIFT_EMIT_LOC_STRINGS = YES;
				SWIFT_VERSION = 5.0;
				TARGETED_DEVICE_FAMILY = "1,2";
			};
			name = Release;
		};
		105538632AC959A2002F4E5F /* Debug */ = {
			isa = XCBuildConfiguration;
			buildSettings = {
				ALWAYS_EMBED_SWIFT_STANDARD_LIBRARIES = YES;
				BUNDLE_LOADER = "$(TEST_HOST)";
				CODE_SIGN_STYLE = Automatic;
				CURRENT_PROJECT_VERSION = 1;
				GENERATE_INFOPLIST_FILE = YES;
				IPHONEOS_DEPLOYMENT_TARGET = 17.0;
				MARKETING_VERSION = 1.0;
				PRODUCT_BUNDLE_IDENTIFIER = mohammed.ali.testTests;
				PRODUCT_NAME = "$(TARGET_NAME)";
				SWIFT_EMIT_LOC_STRINGS = NO;
				SWIFT_VERSION = 5.0;
				TARGETED_DEVICE_FAMILY = "1,2";
				TEST_HOST = "$(BUILT_PRODUCTS_DIR)/test.app/$(BUNDLE_EXECUTABLE_FOLDER_PATH)/test";
			};
			name = Debug;
		};
		105538642AC959A2002F4E5F /* Release */ = {
			isa = XCBuildConfiguration;
			buildSettings = {
				ALWAYS_EMBED_SWIFT_STANDARD_LIBRARIES = YES;
				BUNDLE_LOADER = "$(TEST_HOST)";
				CODE_SIGN_STYLE = Automatic;
				CURRENT_PROJECT_VERSION = 1;
				GENERATE_INFOPLIST_FILE = YES;
				IPHONEOS_DEPLOYMENT_TARGET = 17.0;
				MARKETING_VERSION = 1.0;
				PRODUCT_BUNDLE_IDENTIFIER = mohammed.ali.testTests;
				PRODUCT_NAME = "$(TARGET_NAME)";
				SWIFT_EMIT_LOC_STRINGS = NO;
				SWIFT_VERSION = 5.0;
				TARGETED_DEVICE_FAMILY = "1,2";
				TEST_HOST = "$(BUILT_PRODUCTS_DIR)/test.app/$(BUNDLE_EXECUTABLE_FOLDER_PATH)/test";
			};
			name = Release;
		};
		105538662AC959A2002F4E5F /* Debug */ = {
			isa = XCBuildConfiguration;
			buildSettings = {
				ALWAYS_EMBED_SWIFT_STANDARD_LIBRARIES = YES;
				CODE_SIGN_STYLE = Automatic;
				CURRENT_PROJECT_VERSION = 1;
				GENERATE_INFOPLIST_FILE = YES;
				MARKETING_VERSION = 1.0;
				PRODUCT_BUNDLE_IDENTIFIER = mohammed.ali.testUITests;
				PRODUCT_NAME = "$(TARGET_NAME)";
				SWIFT_EMIT_LOC_STRINGS = NO;
				SWIFT_VERSION = 5.0;
				TARGETED_DEVICE_FAMILY = "1,2";
				TEST_TARGET_NAME = test;
			};
			name = Debug;
		};
		105538672AC959A2002F4E5F /* Release */ = {
			isa = XCBuildConfiguration;
			buildSettings = {
				ALWAYS_EMBED_SWIFT_STANDARD_LIBRARIES = YES;
				CODE_SIGN_STYLE = Automatic;
				CURRENT_PROJECT_VERSION = 1;
				GENERATE_INFOPLIST_FILE = YES;
				MARKETING_VERSION = 1.0;
				PRODUCT_BUNDLE_IDENTIFIER = mohammed.ali.testUITests;
				PRODUCT_NAME = "$(TARGET_NAME)";
				SWIFT_EMIT_LOC_STRINGS = NO;
				SWIFT_VERSION = 5.0;
				TARGETED_DEVICE_FAMILY = "1,2";
				TEST_TARGET_NAME = test;
			};
			name = Release;
		};
/* End XCBuildConfiguration section */

/* Begin XCConfigurationList section */
		105538302AC959A0002F4E5F /* Build configuration list for PBXProject "test" */ = {
			isa = XCConfigurationList;
			buildConfigurations = (
				1055385D2AC959A2002F4E5F /* Debug */,
				1055385E2AC959A2002F4E5F /* Release */,
			);
			defaultConfigurationIsVisible = 0;
			defaultConfigurationName = Release;
		};
		1055385F2AC959A2002F4E5F /* Build configuration list for PBXNativeTarget "test" */ = {
			isa = XCConfigurationList;
			buildConfigurations = (
				105538602AC959A2002F4E5F /* Debug */,
				105538612AC959A2002F4E5F /* Release */,
			);
			defaultConfigurationIsVisible = 0;
			defaultConfigurationName = Release;
		};
		105538622AC959A2002F4E5F /* Build configuration list for PBXNativeTarget "testTests" */ = {
			isa = XCConfigurationList;
			buildConfigurations = (
				105538632AC959A2002F4E5F /* Debug */,
				105538642AC959A2002F4E5F /* Release */,
			);
			defaultConfigurationIsVisible = 0;
			defaultConfigurationName = Release;
		};
		105538652AC959A2002F4E5F /* Build configuration list for PBXNativeTarget "testUITests" */ = {
			isa = XCConfigurationList;
			buildConfigurations = (
				105538662AC959A2002F4E5F /* Debug */,
				105538672AC959A2002F4E5F /* Release */,
			);
			defaultConfigurationIsVisible = 0;
			defaultConfigurationName = Release;
		};
/* End XCConfigurationList section */
	};
	rootObject = 1055382D2AC959A0002F4E5F /* Project object */;
}
